
Microsoft Visual Studio Solution File, Format Version 12.00
# Visual Studio Version 17
VisualStudioVersion = 17.14.36105.17 d17.14
MinimumVisualStudioVersion = 10.0.40219.1
Project("{FAE04EC0-301F-11D3-BF4B-00C04F79EFBC}") = "KafkaPublisher", "KafkaPublisher.csproj", "{C5047747-33AC-4FB7-98DF-17537ADF7A55}"
EndProject
Global
	GlobalSection(SolutionConfigurationPlatforms) = preSolution
		Debug|Any CPU = Debug|Any CPU
		Release|Any CPU = Release|Any CPU
	EndGlobalSection
	GlobalSection(ProjectConfigurationPlatforms) = postSolution
		{C5047747-33AC-4FB7-98DF-17537ADF7A55}.Debug|Any CPU.ActiveCfg = Debug|Any CPU
		{C5047747-33AC-4FB7-98DF-17537ADF7A55}.Debug|Any CPU.Build.0 = Debug|Any CPU
		{C5047747-33AC-4FB7-98DF-17537ADF7A55}.Release|Any CPU.ActiveCfg = Release|Any CPU
		{C5047747-33AC-4FB7-98DF-17537ADF7A55}.Release|Any CPU.Build.0 = Release|Any CPU
	EndGlobalSection
	GlobalSection(SolutionProperties) = preSolution
		HideSolutionNode = FALSE
	EndGlobalSection
	GlobalSection(ExtensibilityGlobals) = postSolution
		SolutionGuid = {2BAC8624-E928-412D-8E8C-BB782DB1F677}
	EndGlobalSection
EndGlobal
