
Microsoft Visual Studio Solution File, Format Version 12.00
# Visual Studio Version 17
VisualStudioVersion = 17.14.36301.6 d17.14
MinimumVisualStudioVersion = 10.0.40219.1
Project("{FAE04EC0-301F-11D3-BF4B-00C04F79EFBC}") = "5_Web_API_handson", "5_Web_API_handson\5_Web_API_handson.csproj", "{70169A7E-3E54-4ABE-929B-C8AC611CDA0B}"
EndProject
Global
	GlobalSection(SolutionConfigurationPlatforms) = preSolution
		Debug|Any CPU = Debug|Any CPU
		Release|Any CPU = Release|Any CPU
	EndGlobalSection
	GlobalSection(ProjectConfigurationPlatforms) = postSolution
		{70169A7E-3E54-4ABE-929B-C8AC611CDA0B}.Debug|Any CPU.ActiveCfg = Debug|Any CPU
		{70169A7E-3E54-4ABE-929B-C8AC611CDA0B}.Debug|Any CPU.Build.0 = Debug|Any CPU
		{70169A7E-3E54-4ABE-929B-C8AC611CDA0B}.Release|Any CPU.ActiveCfg = Release|Any CPU
		{70169A7E-3E54-4ABE-929B-C8AC611CDA0B}.Release|Any CPU.Build.0 = Release|Any CPU
	EndGlobalSection
	GlobalSection(SolutionProperties) = preSolution
		HideSolutionNode = FALSE
	EndGlobalSection
	GlobalSection(ExtensibilityGlobals) = postSolution
		SolutionGuid = {2CC1E8C1-960C-4770-A5AD-5B3D24DF051B}
	EndGlobalSection
EndGlobal
