
Microsoft Visual Studio Solution File, Format Version 12.00
# Visual Studio Version 17
VisualStudioVersion = 17.14.36301.6 d17.14
MinimumVisualStudioVersion = 10.0.40219.1
Project("{FAE04EC0-301F-11D3-BF4B-00C04F79EFBC}") = "3_Web_API_handson", "3_Web_API_handson\3_Web_API_handson.csproj", "{2D4F0965-814D-4BA3-81E4-2524E7C47005}"
EndProject
Global
	GlobalSection(SolutionConfigurationPlatforms) = preSolution
		Debug|Any CPU = Debug|Any CPU
		Release|Any CPU = Release|Any CPU
	EndGlobalSection
	GlobalSection(ProjectConfigurationPlatforms) = postSolution
		{2D4F0965-814D-4BA3-81E4-2524E7C47005}.Debug|Any CPU.ActiveCfg = Debug|Any CPU
		{2D4F0965-814D-4BA3-81E4-2524E7C47005}.Debug|Any CPU.Build.0 = Debug|Any CPU
		{2D4F0965-814D-4BA3-81E4-2524E7C47005}.Release|Any CPU.ActiveCfg = Release|Any CPU
		{2D4F0965-814D-4BA3-81E4-2524E7C47005}.Release|Any CPU.Build.0 = Release|Any CPU
	EndGlobalSection
	GlobalSection(SolutionProperties) = preSolution
		HideSolutionNode = FALSE
	EndGlobalSection
	GlobalSection(ExtensibilityGlobals) = postSolution
		SolutionGuid = {ED9E55F0-9B3D-4BB3-8FC9-169570756B0A}
	EndGlobalSection
EndGlobal
