
Microsoft Visual Studio Solution File, Format Version 12.00
# Visual Studio Version 17
VisualStudioVersion = 17.14.36301.6 d17.14
MinimumVisualStudioVersion = 10.0.40219.1
Project("{FAE04EC0-301F-11D3-BF4B-00C04F79EFBC}") = "1_Web_API_handson", "1_Web_API_handson\1_Web_API_handson.csproj", "{0ECA807B-6CBE-482B-BECA-EFFF7437FFA2}"
EndProject
Global
	GlobalSection(SolutionConfigurationPlatforms) = preSolution
		Debug|Any CPU = Debug|Any CPU
		Release|Any CPU = Release|Any CPU
	EndGlobalSection
	GlobalSection(ProjectConfigurationPlatforms) = postSolution
		{0ECA807B-6CBE-482B-BECA-EFFF7437FFA2}.Debug|Any CPU.ActiveCfg = Debug|Any CPU
		{0ECA807B-6CBE-482B-BECA-EFFF7437FFA2}.Debug|Any CPU.Build.0 = Debug|Any CPU
		{0ECA807B-6CBE-482B-BECA-EFFF7437FFA2}.Release|Any CPU.ActiveCfg = Release|Any CPU
		{0ECA807B-6CBE-482B-BECA-EFFF7437FFA2}.Release|Any CPU.Build.0 = Release|Any CPU
	EndGlobalSection
	GlobalSection(SolutionProperties) = preSolution
		HideSolutionNode = FALSE
	EndGlobalSection
	GlobalSection(ExtensibilityGlobals) = postSolution
		SolutionGuid = {0B33874E-30C2-4BA7-BCED-AFE0052DB8CA}
	EndGlobalSection
EndGlobal
